
Microsoft Visual Studio Solution File, Format Version 12.00
# Visual Studio Version 17
VisualStudioVersion = 17.4.33205.214
MinimumVisualStudioVersion = 10.0.40219.1
Project("{9A19103F-16F7-4668-BE54-9A1E7A4F7556}") = "DAUXChallenge", "DAUXChallenge\DAUXChallenge.csproj", "{FD1549BB-A2C8-4AA0-956D-C4F99316AC62}"
EndProject
Project("{FAE04EC0-301F-11D3-BF4B-00C04F79EFBC}") = "DauxChallengeCommon", "DauxChallengeModels\DauxChallengeCommon.csproj", "{67AB5CF3-7B70-42CF-A805-0B565886DCB3}"
EndProject
Project("{FAE04EC0-301F-11D3-BF4B-00C04F79EFBC}") = "DauxChallengeService", "DauxChallengeServices\DauxChallengeService.csproj", "{8AB65F45-B6F5-47D1-A750-0F7361F8F884}"
EndProject
Global
	GlobalSection(SolutionConfigurationPlatforms) = preSolution
		Debug|Any CPU = Debug|Any CPU
		Release|Any CPU = Release|Any CPU
	EndGlobalSection
	GlobalSection(ProjectConfigurationPlatforms) = postSolution
		{FD1549BB-A2C8-4AA0-956D-C4F99316AC62}.Debug|Any CPU.ActiveCfg = Debug|Any CPU
		{FD1549BB-A2C8-4AA0-956D-C4F99316AC62}.Debug|Any CPU.Build.0 = Debug|Any CPU
		{FD1549BB-A2C8-4AA0-956D-C4F99316AC62}.Release|Any CPU.ActiveCfg = Release|Any CPU
		{FD1549BB-A2C8-4AA0-956D-C4F99316AC62}.Release|Any CPU.Build.0 = Release|Any CPU
		{67AB5CF3-7B70-42CF-A805-0B565886DCB3}.Debug|Any CPU.ActiveCfg = Debug|Any CPU
		{67AB5CF3-7B70-42CF-A805-0B565886DCB3}.Debug|Any CPU.Build.0 = Debug|Any CPU
		{67AB5CF3-7B70-42CF-A805-0B565886DCB3}.Release|Any CPU.ActiveCfg = Release|Any CPU
		{67AB5CF3-7B70-42CF-A805-0B565886DCB3}.Release|Any CPU.Build.0 = Release|Any CPU
		{8AB65F45-B6F5-47D1-A750-0F7361F8F884}.Debug|Any CPU.ActiveCfg = Debug|Any CPU
		{8AB65F45-B6F5-47D1-A750-0F7361F8F884}.Debug|Any CPU.Build.0 = Debug|Any CPU
		{8AB65F45-B6F5-47D1-A750-0F7361F8F884}.Release|Any CPU.ActiveCfg = Release|Any CPU
		{8AB65F45-B6F5-47D1-A750-0F7361F8F884}.Release|Any CPU.Build.0 = Release|Any CPU
	EndGlobalSection
	GlobalSection(SolutionProperties) = preSolution
		HideSolutionNode = FALSE
	EndGlobalSection
	GlobalSection(ExtensibilityGlobals) = postSolution
		SolutionGuid = {08661229-2D5C-4F41-9105-04455CF5EBE2}
	EndGlobalSection
EndGlobal
